
Microsoft Visual Studio Solution File, Format Version 12.00
# Visual Studio 2015
Project("{FAE04EC0-301F-11D3-BF4B-00C04F79EFBC}") = "Unfinished Business.CSharp.Plugins", "Unfinished Business.CSharp.Plugins.csproj", "{A45ECACA-C5A2-2DDF-6177-D65C835DCD1C}"
EndProject
Project("{FAE04EC0-301F-11D3-BF4B-00C04F79EFBC}") = "Unfinished Business.CSharp", "Unfinished Business.CSharp.csproj", "{7257A794-1D5D-9880-78E5-BE776D0999BE}"
EndProject
Project("{FAE04EC0-301F-11D3-BF4B-00C04F79EFBC}") = "Unfinished Business.CSharp.Editor.Plugins", "Unfinished Business.CSharp.Editor.Plugins.csproj", "{2616D47F-2DEA-F592-D6CE-A3E7EC8DDADA}"
EndProject
Global
	GlobalSection(SolutionConfigurationPlatforms) = preSolution
		Debug|Any CPU = Debug|Any CPU
		Release|Any CPU = Release|Any CPU
	EndGlobalSection
	GlobalSection(ProjectConfigurationPlatforms) = postSolution
		{A45ECACA-C5A2-2DDF-6177-D65C835DCD1C}.Debug|Any CPU.ActiveCfg = Debug|Any CPU
		{A45ECACA-C5A2-2DDF-6177-D65C835DCD1C}.Debug|Any CPU.Build.0 = Debug|Any CPU
		{A45ECACA-C5A2-2DDF-6177-D65C835DCD1C}.Release|Any CPU.ActiveCfg = Release|Any CPU
		{A45ECACA-C5A2-2DDF-6177-D65C835DCD1C}.Release|Any CPU.Build.0 = Release|Any CPU
		{7257A794-1D5D-9880-78E5-BE776D0999BE}.Debug|Any CPU.ActiveCfg = Debug|Any CPU
		{7257A794-1D5D-9880-78E5-BE776D0999BE}.Debug|Any CPU.Build.0 = Debug|Any CPU
		{7257A794-1D5D-9880-78E5-BE776D0999BE}.Release|Any CPU.ActiveCfg = Release|Any CPU
		{7257A794-1D5D-9880-78E5-BE776D0999BE}.Release|Any CPU.Build.0 = Release|Any CPU
		{2616D47F-2DEA-F592-D6CE-A3E7EC8DDADA}.Debug|Any CPU.ActiveCfg = Debug|Any CPU
		{2616D47F-2DEA-F592-D6CE-A3E7EC8DDADA}.Debug|Any CPU.Build.0 = Debug|Any CPU
		{2616D47F-2DEA-F592-D6CE-A3E7EC8DDADA}.Release|Any CPU.ActiveCfg = Release|Any CPU
		{2616D47F-2DEA-F592-D6CE-A3E7EC8DDADA}.Release|Any CPU.Build.0 = Release|Any CPU
	EndGlobalSection
	GlobalSection(SolutionProperties) = preSolution
		HideSolutionNode = FALSE
	EndGlobalSection
EndGlobal
