
Microsoft Visual Studio Solution File, Format Version 11.00
# Visual Studio 2010
Project("{FAE04EC0-301F-11D3-BF4B-00C04F79EFBC}") = "Unfinished Business", "Assembly-CSharp-firstpass.csproj", "{D7CD5571-CB03-55C9-F89A-B2865502A0B7}"
EndProject
Project("{FAE04EC0-301F-11D3-BF4B-00C04F79EFBC}") = "Unfinished Business", "Assembly-CSharp.csproj", "{E7ADEA7E-370E-0045-DA13-FEFCA006D919}"
EndProject
Project("{FAE04EC0-301F-11D3-BF4B-00C04F79EFBC}") = "Unfinished Business", "Assembly-CSharp-Editor-firstpass.csproj", "{55198019-0C54-D585-772D-36A443BBBC92}"
EndProject
Global
	GlobalSection(SolutionConfigurationPlatforms) = preSolution
		Debug|Any CPU = Debug|Any CPU
		Release|Any CPU = Release|Any CPU
	EndGlobalSection
	GlobalSection(ProjectConfigurationPlatforms) = postSolution
		{D7CD5571-CB03-55C9-F89A-B2865502A0B7}.Debug|Any CPU.ActiveCfg = Debug|Any CPU
		{D7CD5571-CB03-55C9-F89A-B2865502A0B7}.Debug|Any CPU.Build.0 = Debug|Any CPU
		{D7CD5571-CB03-55C9-F89A-B2865502A0B7}.Release|Any CPU.ActiveCfg = Release|Any CPU
		{D7CD5571-CB03-55C9-F89A-B2865502A0B7}.Release|Any CPU.Build.0 = Release|Any CPU
		{E7ADEA7E-370E-0045-DA13-FEFCA006D919}.Debug|Any CPU.ActiveCfg = Debug|Any CPU
		{E7ADEA7E-370E-0045-DA13-FEFCA006D919}.Debug|Any CPU.Build.0 = Debug|Any CPU
		{E7ADEA7E-370E-0045-DA13-FEFCA006D919}.Release|Any CPU.ActiveCfg = Release|Any CPU
		{E7ADEA7E-370E-0045-DA13-FEFCA006D919}.Release|Any CPU.Build.0 = Release|Any CPU
		{55198019-0C54-D585-772D-36A443BBBC92}.Debug|Any CPU.ActiveCfg = Debug|Any CPU
		{55198019-0C54-D585-772D-36A443BBBC92}.Debug|Any CPU.Build.0 = Debug|Any CPU
		{55198019-0C54-D585-772D-36A443BBBC92}.Release|Any CPU.ActiveCfg = Release|Any CPU
		{55198019-0C54-D585-772D-36A443BBBC92}.Release|Any CPU.Build.0 = Release|Any CPU
	EndGlobalSection
	GlobalSection(SolutionProperties) = preSolution
		HideSolutionNode = FALSE
	EndGlobalSection
	GlobalSection(MonoDevelopProperties) = preSolution
		StartupItem = Assembly-CSharp.csproj
	EndGlobalSection
EndGlobal
